<Solution>
  <Project Path="Haihv.Vbdlis.Tools.Desktop/Haihv.Vbdlis.Tools.Desktop.Mac/Haihv.Vbdlis.Tools.Desktop.Mac.csproj" Id="cd903e51-6251-406c-a27b-98c0809d1b68">
    <Deploy />
  </Project>
  <Project Path="Haihv.Vbdlis.Tools.Desktop/Haihv.Vbdlis.Tools.Desktop.WinUI/Haihv.Vbdlis.Tools.Desktop.WinUI.csproj" Id="2b0fb604-27f5-4d1c-8eb9-e2240f0acbf3">
    <Platform Project="x64" />
  </Project>
  <Project Path="Haihv.Vbdlis.Tools.Desktop/Haihv.Vbdlis.Tools.Desktop/Haihv.Vbdlis.Tools.Desktop.csproj" Id="be364367-cc3f-407a-bebc-425f86bae0cc" />
</Solution>
